
Microsoft Visual Studio Solution File, Format Version 12.00
# Visual Studio Version 17
VisualStudioVersion = 17.6.33829.357
MinimumVisualStudioVersion = 10.0.40219.1
Project("{FAE04EC0-301F-11D3-BF4B-00C04F79EFBC}") = "Book-Catalog-API", "Book-Catalog-API.csproj", "{556CC302-B693-49FF-BFF6-AE64B1278BFB}"
EndProject
Global
	GlobalSection(SolutionConfigurationPlatforms) = preSolution
		Debug|Any CPU = Debug|Any CPU
		Release|Any CPU = Release|Any CPU
	EndGlobalSection
	GlobalSection(ProjectConfigurationPlatforms) = postSolution
		{556CC302-B693-49FF-BFF6-AE64B1278BFB}.Debug|Any CPU.ActiveCfg = Debug|Any CPU
		{556CC302-B693-49FF-BFF6-AE64B1278BFB}.Debug|Any CPU.Build.0 = Debug|Any CPU
		{556CC302-B693-49FF-BFF6-AE64B1278BFB}.Release|Any CPU.ActiveCfg = Release|Any CPU
		{556CC302-B693-49FF-BFF6-AE64B1278BFB}.Release|Any CPU.Build.0 = Release|Any CPU
	EndGlobalSection
	GlobalSection(SolutionProperties) = preSolution
		HideSolutionNode = FALSE
	EndGlobalSection
	GlobalSection(ExtensibilityGlobals) = postSolution
		SolutionGuid = {4BCC2BEA-8037-4F69-A5F5-EEC8F5F9C6D2}
	EndGlobalSection
EndGlobal
